
Microsoft Visual Studio Solution File, Format Version 12.00
# Visual Studio Version 17
VisualStudioVersion = 17.5.33414.496
MinimumVisualStudioVersion = 10.0.40219.1
Project("{9A19103F-16F7-4668-BE54-9A1E7A4F7556}") = "Domain", "Domain\Domain.csproj", "{DF327C12-0CCE-4F6E-A363-2517E77C13B7}"
EndProject
Project("{9A19103F-16F7-4668-BE54-9A1E7A4F7556}") = "Persistence", "Persistence\Persistence.csproj", "{D70A30A3-C85D-43B4-981B-10AA5D6ED52E}"
EndProject
Project("{9A19103F-16F7-4668-BE54-9A1E7A4F7556}") = "Application", "Application\Application.csproj", "{0A702165-CFC8-4F37-B712-D5D7F585FC69}"
EndProject
Project("{9A19103F-16F7-4668-BE54-9A1E7A4F7556}") = "Web.Api", "Web.Api\Web.Api.csproj", "{0C39EC9D-02DE-43FA-BF6A-21179C90CD4F}"
EndProject
Project("{E53339B2-1760-4266-BCC7-CA923CBCF16C}") = "docker-compose", "docker-compose.dcproj", "{77E81834-5D34-490E-AB00-AEA15EA21BE8}"
EndProject
Project("{2150E333-8FDC-42A3-9474-1A3956D46DE8}") = "src", "src", "{C0F38854-A2CD-42AA-B786-A98E98EA9C57}"
EndProject
Global
	GlobalSection(SolutionConfigurationPlatforms) = preSolution
		Debug|Any CPU = Debug|Any CPU
		Release|Any CPU = Release|Any CPU
	EndGlobalSection
	GlobalSection(ProjectConfigurationPlatforms) = postSolution
		{DF327C12-0CCE-4F6E-A363-2517E77C13B7}.Debug|Any CPU.ActiveCfg = Debug|Any CPU
		{DF327C12-0CCE-4F6E-A363-2517E77C13B7}.Debug|Any CPU.Build.0 = Debug|Any CPU
		{DF327C12-0CCE-4F6E-A363-2517E77C13B7}.Release|Any CPU.ActiveCfg = Release|Any CPU
		{DF327C12-0CCE-4F6E-A363-2517E77C13B7}.Release|Any CPU.Build.0 = Release|Any CPU
		{D70A30A3-C85D-43B4-981B-10AA5D6ED52E}.Debug|Any CPU.ActiveCfg = Debug|Any CPU
		{D70A30A3-C85D-43B4-981B-10AA5D6ED52E}.Debug|Any CPU.Build.0 = Debug|Any CPU
		{D70A30A3-C85D-43B4-981B-10AA5D6ED52E}.Release|Any CPU.ActiveCfg = Release|Any CPU
		{D70A30A3-C85D-43B4-981B-10AA5D6ED52E}.Release|Any CPU.Build.0 = Release|Any CPU
		{0A702165-CFC8-4F37-B712-D5D7F585FC69}.Debug|Any CPU.ActiveCfg = Debug|Any CPU
		{0A702165-CFC8-4F37-B712-D5D7F585FC69}.Debug|Any CPU.Build.0 = Debug|Any CPU
		{0A702165-CFC8-4F37-B712-D5D7F585FC69}.Release|Any CPU.ActiveCfg = Release|Any CPU
		{0A702165-CFC8-4F37-B712-D5D7F585FC69}.Release|Any CPU.Build.0 = Release|Any CPU
		{0C39EC9D-02DE-43FA-BF6A-21179C90CD4F}.Debug|Any CPU.ActiveCfg = Debug|Any CPU
		{0C39EC9D-02DE-43FA-BF6A-21179C90CD4F}.Debug|Any CPU.Build.0 = Debug|Any CPU
		{0C39EC9D-02DE-43FA-BF6A-21179C90CD4F}.Release|Any CPU.ActiveCfg = Release|Any CPU
		{0C39EC9D-02DE-43FA-BF6A-21179C90CD4F}.Release|Any CPU.Build.0 = Release|Any CPU
		{77E81834-5D34-490E-AB00-AEA15EA21BE8}.Debug|Any CPU.ActiveCfg = Debug|Any CPU
		{77E81834-5D34-490E-AB00-AEA15EA21BE8}.Debug|Any CPU.Build.0 = Debug|Any CPU
		{77E81834-5D34-490E-AB00-AEA15EA21BE8}.Release|Any CPU.ActiveCfg = Release|Any CPU
		{77E81834-5D34-490E-AB00-AEA15EA21BE8}.Release|Any CPU.Build.0 = Release|Any CPU
	EndGlobalSection
	GlobalSection(SolutionProperties) = preSolution
		HideSolutionNode = FALSE
	EndGlobalSection
	GlobalSection(NestedProjects) = preSolution
		{DF327C12-0CCE-4F6E-A363-2517E77C13B7} = {C0F38854-A2CD-42AA-B786-A98E98EA9C57}
		{D70A30A3-C85D-43B4-981B-10AA5D6ED52E} = {C0F38854-A2CD-42AA-B786-A98E98EA9C57}
		{0A702165-CFC8-4F37-B712-D5D7F585FC69} = {C0F38854-A2CD-42AA-B786-A98E98EA9C57}
		{0C39EC9D-02DE-43FA-BF6A-21179C90CD4F} = {C0F38854-A2CD-42AA-B786-A98E98EA9C57}
	EndGlobalSection
	GlobalSection(ExtensibilityGlobals) = postSolution
		SolutionGuid = {459C2C29-DE54-4A16-AA1D-44B8A52618CB}
	EndGlobalSection
EndGlobal
